
Microsoft Visual Studio Solution File, Format Version 12.00
# Visual Studio Version 17
VisualStudioVersion = 17.7.34024.191
MinimumVisualStudioVersion = 10.0.40219.1
Project("{FAE04EC0-301F-11D3-BF4B-00C04F79EFBC}") = "ConsoleApp4", "ConsoleApp4\ConsoleApp4.csproj", "{38DBAFD6-7A0A-411E-8F3E-2F9F4B2FAA1A}"
EndProject
Global
	GlobalSection(SolutionConfigurationPlatforms) = preSolution
		Debug|Any CPU = Debug|Any CPU
		Release|Any CPU = Release|Any CPU
	EndGlobalSection
	GlobalSection(ProjectConfigurationPlatforms) = postSolution
		{38DBAFD6-7A0A-411E-8F3E-2F9F4B2FAA1A}.Debug|Any CPU.ActiveCfg = Debug|Any CPU
		{38DBAFD6-7A0A-411E-8F3E-2F9F4B2FAA1A}.Debug|Any CPU.Build.0 = Debug|Any CPU
		{38DBAFD6-7A0A-411E-8F3E-2F9F4B2FAA1A}.Release|Any CPU.ActiveCfg = Release|Any CPU
		{38DBAFD6-7A0A-411E-8F3E-2F9F4B2FAA1A}.Release|Any CPU.Build.0 = Release|Any CPU
	EndGlobalSection
	GlobalSection(SolutionProperties) = preSolution
		HideSolutionNode = FALSE
	EndGlobalSection
	GlobalSection(ExtensibilityGlobals) = postSolution
		SolutionGuid = {8689801B-F804-4E37-9BEF-B46369ECF697}
	EndGlobalSection
EndGlobal
